# This file is automatically @generated by Cargo.
# It is not intended for manual editing.
version = 3

[[package]]
name = "lifetime-mutexguard"
version = "0.1.0"

[[package]]
name = "progress-reporting-parking"
version = "0.1.0"

[[package]]
name = "scoped-threads"
version = "0.1.0"

[[package]]
name = "stop-flag"
version = "0.1.0"
